
Microsoft Visual Studio Solution File, Format Version 12.00
# Visual Studio Version 17
VisualStudioVersion = 17.11.35303.130
MinimumVisualStudioVersion = 10.0.40219.1
Project("{FAE04EC0-301F-11D3-BF4B-00C04F79EFBC}") = "MyLibrary", "MyLibrary\MyLibrary.csproj", "{D764BAA4-5E01-4F94-8B01-5BF7D672A76C}"
EndProject
Project("{FAE04EC0-301F-11D3-BF4B-00C04F79EFBC}") = "MyLibraryTest", "MyLibraryTest\MyLibraryTest.csproj", "{59174253-07A3-42DC-96B6-DCC492536271}"
EndProject
Global
	GlobalSection(SolutionConfigurationPlatforms) = preSolution
		Debug|Any CPU = Debug|Any CPU
		Release|Any CPU = Release|Any CPU
	EndGlobalSection
	GlobalSection(ProjectConfigurationPlatforms) = postSolution
		{D764BAA4-5E01-4F94-8B01-5BF7D672A76C}.Debug|Any CPU.ActiveCfg = Debug|Any CPU
		{D764BAA4-5E01-4F94-8B01-5BF7D672A76C}.Debug|Any CPU.Build.0 = Debug|Any CPU
		{D764BAA4-5E01-4F94-8B01-5BF7D672A76C}.Release|Any CPU.ActiveCfg = Release|Any CPU
		{D764BAA4-5E01-4F94-8B01-5BF7D672A76C}.Release|Any CPU.Build.0 = Release|Any CPU
		{59174253-07A3-42DC-96B6-DCC492536271}.Debug|Any CPU.ActiveCfg = Debug|Any CPU
		{59174253-07A3-42DC-96B6-DCC492536271}.Debug|Any CPU.Build.0 = Debug|Any CPU
		{59174253-07A3-42DC-96B6-DCC492536271}.Release|Any CPU.ActiveCfg = Release|Any CPU
		{59174253-07A3-42DC-96B6-DCC492536271}.Release|Any CPU.Build.0 = Release|Any CPU
	EndGlobalSection
	GlobalSection(SolutionProperties) = preSolution
		HideSolutionNode = FALSE
	EndGlobalSection
	GlobalSection(ExtensibilityGlobals) = postSolution
		SolutionGuid = {52E271D1-5770-4F99-B82A-5631A0E7174F}
	EndGlobalSection
EndGlobal
